
Microsoft Visual Studio Solution File, Format Version 12.00
# Visual Studio 15
VisualStudioVersion = 15.0.26430.14
MinimumVisualStudioVersion = 10.0.40219.1
Project("{FAE04EC0-301F-11D3-BF4B-00C04F79EFBC}") = "Console", "Console\Console.csproj", "{73F31327-B7CA-47BA-842B-70EACC9A85C4}"
EndProject
Project("{FAE04EC0-301F-11D3-BF4B-00C04F79EFBC}") = "Unit.Test", "Unit.Test\Unit.Test.csproj", "{47FD70F5-1786-465F-8C2F-76CDAC6F42B1}"
EndProject
Global
	GlobalSection(SolutionConfigurationPlatforms) = preSolution
		Debug|Any CPU = Debug|Any CPU
		Release|Any CPU = Release|Any CPU
	EndGlobalSection
	GlobalSection(ProjectConfigurationPlatforms) = postSolution
		{73F31327-B7CA-47BA-842B-70EACC9A85C4}.Debug|Any CPU.ActiveCfg = Debug|Any CPU
		{73F31327-B7CA-47BA-842B-70EACC9A85C4}.Debug|Any CPU.Build.0 = Debug|Any CPU
		{73F31327-B7CA-47BA-842B-70EACC9A85C4}.Release|Any CPU.ActiveCfg = Release|Any CPU
		{73F31327-B7CA-47BA-842B-70EACC9A85C4}.Release|Any CPU.Build.0 = Release|Any CPU
		{47FD70F5-1786-465F-8C2F-76CDAC6F42B1}.Debug|Any CPU.ActiveCfg = Debug|Any CPU
		{47FD70F5-1786-465F-8C2F-76CDAC6F42B1}.Debug|Any CPU.Build.0 = Debug|Any CPU
		{47FD70F5-1786-465F-8C2F-76CDAC6F42B1}.Release|Any CPU.ActiveCfg = Release|Any CPU
		{47FD70F5-1786-465F-8C2F-76CDAC6F42B1}.Release|Any CPU.Build.0 = Release|Any CPU
	EndGlobalSection
	GlobalSection(SolutionProperties) = preSolution
		HideSolutionNode = FALSE
	EndGlobalSection
EndGlobal
